# This file is autogenerated, do not edit; changes may be undone by the next 'dep ensure'.


[[projects]]
  digest = "1:4ba40028cab3c252dd01c646be8bef2eee86b4a3e66f0b7493839583ca646ea6"
  name = "github.com/99designs/gqlgen"
  packages = [
    "complexity",
    "example/dataloader",
    "graphql",
    "graphql/introspection",
    "handler",
  ]
  pruneopts = "UT"
  revision = "b128a29122e8ca8ada5f34cc18338fa7c10fc5b4"
  version = "v0.9.1"

[[projects]]
  digest = "1:786e862ec180708b60ee670723e3edd969fd4309e7b1c315cd7de058ac62a011"
  name = "github.com/agnivade/levenshtein"
  packages = ["."]
  pruneopts = "UT"
  revision = "51b298ff305e72cfd29166dccc3f9878e82f9fdc"
  version = "v1.0.2"

[[projects]]
  digest = "1:1c70b4d7285f792bd387c1adac08825715147fa210b3d2826ffd2bf56be9455b"
  name = "github.com/go-chi/chi"
  packages = ["."]
  pruneopts = "UT"
  revision = "da24bba8dcd4021cafac38724bf10dccc97c3e36"
  version = "v4.0.2"

[[projects]]
  digest = "1:f5ce1529abc1204444ec73779f44f94e2fa8fcdb7aca3c355b0c95947e4005c6"
  name = "github.com/golang/protobuf"
  packages = [
    "proto",
    "ptypes",
    "ptypes/any",
    "ptypes/duration",
    "ptypes/timestamp",
  ]
  pruneopts = "UT"
  revision = "6c65a5562fc06764971b7c5d05c76c75e84bdbf7"
  version = "v1.3.2"

[[projects]]
  digest = "1:7b5c6e2eeaa9ae5907c391a91c132abfd5c9e8a784a341b5625e750c67e6825d"
  name = "github.com/gorilla/websocket"
  packages = ["."]
  pruneopts = "UT"
  revision = "66b9c49e59c6c48f0ffce28c2d8b8a5678502c6d"
  version = "v1.4.0"

[[projects]]
  digest = "1:d15ee511aa0f56baacc1eb4c6b922fa1c03b38413b6be18166b996d82a0156ea"
  name = "github.com/hashicorp/golang-lru"
  packages = [
    ".",
    "simplelru",
  ]
  pruneopts = "UT"
  revision = "7087cb70de9f7a8bc0a10c375cb0d2280a8edf9c"
  version = "v0.5.1"

[[projects]]
  digest = "1:b4e8aaca88f799355f4ac560bce4293fb85ff21003dd0d5741ca503f7a788e91"
  name = "github.com/vektah/gqlparser"
  packages = [
    ".",
    "ast",
    "gqlerror",
    "lexer",
    "parser",
    "validator",
    "validator/rules",
  ]
  pruneopts = "UT"
  revision = "05741cdb0871330d8bc980d4afd21ab34eceee83"
  version = "v1.1.2"

[[projects]]
  branch = "master"
  digest = "1:d31a812696686f0059241fa6c3b56d89ada56dddde4db1d5036de5c1084000c5"
  name = "golang.org/x/net"
  packages = [
    "http/httpguts",
    "http2",
    "http2/hpack",
    "idna",
    "internal/timeseries",
    "trace",
  ]
  pruneopts = "UT"
  revision = "da137c7871d730100384dbcf36e6f8fa493aef5b"

[[projects]]
  branch = "master"
  digest = "1:b521f10a2d8fa85c04a8ef4e62f2d1e14d303599a55d64dabf9f5a02f84d35eb"
  name = "golang.org/x/sync"
  packages = ["errgroup"]
  pruneopts = "UT"
  revision = "112230192c580c3556b8cee6403af37a4fc5f28c"

[[projects]]
  branch = "master"
  digest = "1:5632b0c4d972da51b5914f09fc5c1a8535e9d8d5d937e95ef83c423a0dd67f13"
  name = "golang.org/x/sys"
  packages = ["unix"]
  pruneopts = "UT"
  revision = "fae7ac547cb717d141c433a2a173315e216b64c4"

[[projects]]
  digest = "1:8d8faad6b12a3a4c819a3f9618cb6ee1fa1cfc33253abeeea8b55336721e3405"
  name = "golang.org/x/text"
  packages = [
    "collate",
    "collate/build",
    "internal/colltab",
    "internal/gen",
    "internal/language",
    "internal/language/compact",
    "internal/tag",
    "internal/triegen",
    "internal/ucd",
    "language",
    "secure/bidirule",
    "transform",
    "unicode/bidi",
    "unicode/cldr",
    "unicode/norm",
    "unicode/rangetable",
  ]
  pruneopts = "UT"
  revision = "342b2e1fbaa52c93f31447ad2c6abc048c63e475"
  version = "v0.3.2"

[[projects]]
  branch = "master"
  digest = "1:583a0c80f5e3a9343d33aea4aead1e1afcc0043db66fdf961ddd1fe8cd3a4faf"
  name = "google.golang.org/genproto"
  packages = ["googleapis/rpc/status"]
  pruneopts = "UT"
  revision = "3bdd9d9f5532d75d09efb230bd767d265245cfe5"

[[projects]]
  digest = "1:cf01ae0753310464677058b125fa31e74fd943781782ada503180ad784fc83d3"
  name = "google.golang.org/grpc"
  packages = [
    ".",
    "balancer",
    "balancer/base",
    "balancer/roundrobin",
    "binarylog/grpc_binarylog_v1",
    "codes",
    "connectivity",
    "credentials",
    "credentials/internal",
    "encoding",
    "encoding/proto",
    "grpclog",
    "internal",
    "internal/backoff",
    "internal/balancerload",
    "internal/binarylog",
    "internal/channelz",
    "internal/envconfig",
    "internal/grpcrand",
    "internal/grpcsync",
    "internal/syscall",
    "internal/transport",
    "keepalive",
    "metadata",
    "naming",
    "peer",
    "resolver",
    "resolver/dns",
    "resolver/passthrough",
    "serviceconfig",
    "stats",
    "status",
    "tap",
  ]
  pruneopts = "UT"
  revision = "1d89a3c832915b2314551c1d2a506874d62e53f7"
  version = "v1.22.0"

[solve-meta]
  analyzer-name = "dep"
  analyzer-version = 1
  input-imports = [
    "github.com/99designs/gqlgen/example/dataloader",
    "github.com/99designs/gqlgen/graphql",
    "github.com/99designs/gqlgen/graphql/introspection",
    "github.com/99designs/gqlgen/handler",
    "github.com/go-chi/chi",
    "github.com/golang/protobuf/proto",
    "github.com/vektah/gqlparser",
    "github.com/vektah/gqlparser/ast",
    "golang.org/x/sync/errgroup",
    "google.golang.org/grpc",
    "google.golang.org/grpc/codes",
    "google.golang.org/grpc/status",
  ]
  solver-name = "gps-cdcl"
  solver-version = 1
